
Microsoft Visual Studio Solution File, Format Version 12.00
# Visual Studio Version 16
VisualStudioVersion = 16.0.28917.181
MinimumVisualStudioVersion = 10.0.40219.1
Project("{FAE04EC0-301F-11D3-BF4B-00C04F79EFBC}") = "WinformIntro", "WinformIntro\WinformIntro.csproj", "{CDB05B03-531D-404F-99B6-EFD93EB01A39}"
EndProject
Global
	GlobalSection(SolutionConfigurationPlatforms) = preSolution
		Debug|Any CPU = Debug|Any CPU
		Release|Any CPU = Release|Any CPU
	EndGlobalSection
	GlobalSection(ProjectConfigurationPlatforms) = postSolution
		{CDB05B03-531D-404F-99B6-EFD93EB01A39}.Debug|Any CPU.ActiveCfg = Debug|Any CPU
		{CDB05B03-531D-404F-99B6-EFD93EB01A39}.Debug|Any CPU.Build.0 = Debug|Any CPU
		{CDB05B03-531D-404F-99B6-EFD93EB01A39}.Release|Any CPU.ActiveCfg = Release|Any CPU
		{CDB05B03-531D-404F-99B6-EFD93EB01A39}.Release|Any CPU.Build.0 = Release|Any CPU
	EndGlobalSection
	GlobalSection(SolutionProperties) = preSolution
		HideSolutionNode = FALSE
	EndGlobalSection
	GlobalSection(ExtensibilityGlobals) = postSolution
		SolutionGuid = {3DF4AE59-66FA-43E5-8E8E-1CD469CA94C5}
	EndGlobalSection
EndGlobal
